<Solution>
  <Folder Name="/src/">
    <Project Path="src/ScrumPoker.AppHost/ScrumPoker.AppHost.csproj" />
    <Project Path="src/ScrumPoker.Application/ScrumPoker.Application.csproj" />
    <Project Path="src/ScrumPoker.Domain/ScrumPoker.Domain.csproj" />
    <Project Path="src/ScrumPoker.ServiceDefaults/ScrumPoker.ServiceDefaults.csproj" />
    <Project Path="src/ScrumPoker.Web/ScrumPoker.Web.csproj" />
  </Folder>
  <Folder Name="/tests/">
    <Project Path="tests/ScrumPoker.IntegrationTests/ScrumPoker.IntegrationTests.csproj" />
    <Project Path="tests/ScrumPoker.UnitTests/ScrumPoker.UnitTests.csproj" />
  </Folder>
</Solution>
